
Microsoft Visual Studio Solution File, Format Version 12.00
# Visual Studio 2012
Project("{FAE04EC0-301F-11D3-BF4B-00C04F79EFBC}") = "Ejemplo Multilingual", "Ejemplo Multilingual\Ejemplo Multilingual.csproj", "{DDC50C89-4936-4803-B281-9881F5C61082}"
EndProject
Global
	GlobalSection(SolutionConfigurationPlatforms) = preSolution
		Debug|Any CPU = Debug|Any CPU
		Debug|ARM = Debug|ARM
		Debug|x86 = Debug|x86
		Release|Any CPU = Release|Any CPU
		Release|ARM = Release|ARM
		Release|x86 = Release|x86
	EndGlobalSection
	GlobalSection(ProjectConfigurationPlatforms) = postSolution
		{DDC50C89-4936-4803-B281-9881F5C61082}.Debug|Any CPU.ActiveCfg = Debug|Any CPU
		{DDC50C89-4936-4803-B281-9881F5C61082}.Debug|Any CPU.Build.0 = Debug|Any CPU
		{DDC50C89-4936-4803-B281-9881F5C61082}.Debug|Any CPU.Deploy.0 = Debug|Any CPU
		{DDC50C89-4936-4803-B281-9881F5C61082}.Debug|ARM.ActiveCfg = Debug|ARM
		{DDC50C89-4936-4803-B281-9881F5C61082}.Debug|ARM.Build.0 = Debug|ARM
		{DDC50C89-4936-4803-B281-9881F5C61082}.Debug|ARM.Deploy.0 = Debug|ARM
		{DDC50C89-4936-4803-B281-9881F5C61082}.Debug|x86.ActiveCfg = Debug|x86
		{DDC50C89-4936-4803-B281-9881F5C61082}.Debug|x86.Build.0 = Debug|x86
		{DDC50C89-4936-4803-B281-9881F5C61082}.Debug|x86.Deploy.0 = Debug|x86
		{DDC50C89-4936-4803-B281-9881F5C61082}.Release|Any CPU.ActiveCfg = Release|Any CPU
		{DDC50C89-4936-4803-B281-9881F5C61082}.Release|Any CPU.Build.0 = Release|Any CPU
		{DDC50C89-4936-4803-B281-9881F5C61082}.Release|Any CPU.Deploy.0 = Release|Any CPU
		{DDC50C89-4936-4803-B281-9881F5C61082}.Release|ARM.ActiveCfg = Release|ARM
		{DDC50C89-4936-4803-B281-9881F5C61082}.Release|ARM.Build.0 = Release|ARM
		{DDC50C89-4936-4803-B281-9881F5C61082}.Release|ARM.Deploy.0 = Release|ARM
		{DDC50C89-4936-4803-B281-9881F5C61082}.Release|x86.ActiveCfg = Release|x86
		{DDC50C89-4936-4803-B281-9881F5C61082}.Release|x86.Build.0 = Release|x86
		{DDC50C89-4936-4803-B281-9881F5C61082}.Release|x86.Deploy.0 = Release|x86
	EndGlobalSection
	GlobalSection(SolutionProperties) = preSolution
		HideSolutionNode = FALSE
	EndGlobalSection
EndGlobal
