
Microsoft Visual Studio Solution File, Format Version 12.00
# Visual Studio 2012
Project("{FAE04EC0-301F-11D3-BF4B-00C04F79EFBC}") = "Ejemplo Localizacion", "Ejemplo Localizacion\Ejemplo Localizacion.csproj", "{F72FB9DF-19B3-47A7-B96C-3FB7D7FAD71D}"
EndProject
Project("{8BC9CEB8-8B4A-11D0-8D11-00A0C91BC942}") = "AppResLib", "AppResLib\AppResLib.vcxproj", "{E0F8F483-6014-4C1F-8AE5-A9249EE348B7}"
EndProject
Global
	GlobalSection(SolutionConfigurationPlatforms) = preSolution
		Debug|Any CPU = Debug|Any CPU
		Debug|ARM = Debug|ARM
		Debug|Mixed Platforms = Debug|Mixed Platforms
		Debug|Win32 = Debug|Win32
		Debug|x86 = Debug|x86
		Release|Any CPU = Release|Any CPU
		Release|ARM = Release|ARM
		Release|Mixed Platforms = Release|Mixed Platforms
		Release|Win32 = Release|Win32
		Release|x86 = Release|x86
	EndGlobalSection
	GlobalSection(ProjectConfigurationPlatforms) = postSolution
		{F72FB9DF-19B3-47A7-B96C-3FB7D7FAD71D}.Debug|Any CPU.ActiveCfg = Debug|Any CPU
		{F72FB9DF-19B3-47A7-B96C-3FB7D7FAD71D}.Debug|Any CPU.Build.0 = Debug|Any CPU
		{F72FB9DF-19B3-47A7-B96C-3FB7D7FAD71D}.Debug|Any CPU.Deploy.0 = Debug|Any CPU
		{F72FB9DF-19B3-47A7-B96C-3FB7D7FAD71D}.Debug|ARM.ActiveCfg = Debug|ARM
		{F72FB9DF-19B3-47A7-B96C-3FB7D7FAD71D}.Debug|ARM.Build.0 = Debug|ARM
		{F72FB9DF-19B3-47A7-B96C-3FB7D7FAD71D}.Debug|ARM.Deploy.0 = Debug|ARM
		{F72FB9DF-19B3-47A7-B96C-3FB7D7FAD71D}.Debug|Mixed Platforms.ActiveCfg = Debug|x86
		{F72FB9DF-19B3-47A7-B96C-3FB7D7FAD71D}.Debug|Mixed Platforms.Build.0 = Debug|x86
		{F72FB9DF-19B3-47A7-B96C-3FB7D7FAD71D}.Debug|Mixed Platforms.Deploy.0 = Debug|x86
		{F72FB9DF-19B3-47A7-B96C-3FB7D7FAD71D}.Debug|Win32.ActiveCfg = Debug|x86
		{F72FB9DF-19B3-47A7-B96C-3FB7D7FAD71D}.Debug|Win32.Build.0 = Debug|x86
		{F72FB9DF-19B3-47A7-B96C-3FB7D7FAD71D}.Debug|Win32.Deploy.0 = Debug|x86
		{F72FB9DF-19B3-47A7-B96C-3FB7D7FAD71D}.Debug|x86.ActiveCfg = Debug|x86
		{F72FB9DF-19B3-47A7-B96C-3FB7D7FAD71D}.Debug|x86.Build.0 = Debug|x86
		{F72FB9DF-19B3-47A7-B96C-3FB7D7FAD71D}.Debug|x86.Deploy.0 = Debug|x86
		{F72FB9DF-19B3-47A7-B96C-3FB7D7FAD71D}.Release|Any CPU.ActiveCfg = Release|Any CPU
		{F72FB9DF-19B3-47A7-B96C-3FB7D7FAD71D}.Release|Any CPU.Build.0 = Release|Any CPU
		{F72FB9DF-19B3-47A7-B96C-3FB7D7FAD71D}.Release|Any CPU.Deploy.0 = Release|Any CPU
		{F72FB9DF-19B3-47A7-B96C-3FB7D7FAD71D}.Release|ARM.ActiveCfg = Release|ARM
		{F72FB9DF-19B3-47A7-B96C-3FB7D7FAD71D}.Release|ARM.Build.0 = Release|ARM
		{F72FB9DF-19B3-47A7-B96C-3FB7D7FAD71D}.Release|ARM.Deploy.0 = Release|ARM
		{F72FB9DF-19B3-47A7-B96C-3FB7D7FAD71D}.Release|Mixed Platforms.ActiveCfg = Release|x86
		{F72FB9DF-19B3-47A7-B96C-3FB7D7FAD71D}.Release|Mixed Platforms.Build.0 = Release|x86
		{F72FB9DF-19B3-47A7-B96C-3FB7D7FAD71D}.Release|Mixed Platforms.Deploy.0 = Release|x86
		{F72FB9DF-19B3-47A7-B96C-3FB7D7FAD71D}.Release|Win32.ActiveCfg = Release|x86
		{F72FB9DF-19B3-47A7-B96C-3FB7D7FAD71D}.Release|Win32.Build.0 = Release|x86
		{F72FB9DF-19B3-47A7-B96C-3FB7D7FAD71D}.Release|Win32.Deploy.0 = Release|x86
		{F72FB9DF-19B3-47A7-B96C-3FB7D7FAD71D}.Release|x86.ActiveCfg = Release|x86
		{F72FB9DF-19B3-47A7-B96C-3FB7D7FAD71D}.Release|x86.Build.0 = Release|x86
		{F72FB9DF-19B3-47A7-B96C-3FB7D7FAD71D}.Release|x86.Deploy.0 = Release|x86
		{E0F8F483-6014-4C1F-8AE5-A9249EE348B7}.Debug|Any CPU.ActiveCfg = Debug|Win32
		{E0F8F483-6014-4C1F-8AE5-A9249EE348B7}.Debug|ARM.ActiveCfg = Debug|Win32
		{E0F8F483-6014-4C1F-8AE5-A9249EE348B7}.Debug|Mixed Platforms.ActiveCfg = Debug|Win32
		{E0F8F483-6014-4C1F-8AE5-A9249EE348B7}.Debug|Mixed Platforms.Build.0 = Debug|Win32
		{E0F8F483-6014-4C1F-8AE5-A9249EE348B7}.Debug|Win32.ActiveCfg = Debug|Win32
		{E0F8F483-6014-4C1F-8AE5-A9249EE348B7}.Debug|Win32.Build.0 = Debug|Win32
		{E0F8F483-6014-4C1F-8AE5-A9249EE348B7}.Debug|x86.ActiveCfg = Debug|Win32
		{E0F8F483-6014-4C1F-8AE5-A9249EE348B7}.Debug|x86.Build.0 = Debug|Win32
		{E0F8F483-6014-4C1F-8AE5-A9249EE348B7}.Release|Any CPU.ActiveCfg = Release|Win32
		{E0F8F483-6014-4C1F-8AE5-A9249EE348B7}.Release|ARM.ActiveCfg = Release|Win32
		{E0F8F483-6014-4C1F-8AE5-A9249EE348B7}.Release|Mixed Platforms.ActiveCfg = Release|Win32
		{E0F8F483-6014-4C1F-8AE5-A9249EE348B7}.Release|Mixed Platforms.Build.0 = Release|Win32
		{E0F8F483-6014-4C1F-8AE5-A9249EE348B7}.Release|Win32.ActiveCfg = Release|Win32
		{E0F8F483-6014-4C1F-8AE5-A9249EE348B7}.Release|Win32.Build.0 = Release|Win32
		{E0F8F483-6014-4C1F-8AE5-A9249EE348B7}.Release|x86.ActiveCfg = Release|Win32
		{E0F8F483-6014-4C1F-8AE5-A9249EE348B7}.Release|x86.Build.0 = Release|Win32
	EndGlobalSection
	GlobalSection(SolutionProperties) = preSolution
		HideSolutionNode = FALSE
	EndGlobalSection
EndGlobal
