
Microsoft Visual Studio Solution File, Format Version 11.00
# Visual Studio 2010 Express for Windows Phone
Project("{FAE04EC0-301F-11D3-BF4B-00C04F79EFBC}") = "Ejemplo_HubTile", "Ejemplo_HubTile\Ejemplo_HubTile.csproj", "{B6208B24-3916-4577-BCF3-F1451283966B}"
EndProject
Global
	GlobalSection(SolutionConfigurationPlatforms) = preSolution
		Debug|Any CPU = Debug|Any CPU
		Release|Any CPU = Release|Any CPU
	EndGlobalSection
	GlobalSection(ProjectConfigurationPlatforms) = postSolution
		{B6208B24-3916-4577-BCF3-F1451283966B}.Debug|Any CPU.ActiveCfg = Debug|Any CPU
		{B6208B24-3916-4577-BCF3-F1451283966B}.Debug|Any CPU.Build.0 = Debug|Any CPU
		{B6208B24-3916-4577-BCF3-F1451283966B}.Debug|Any CPU.Deploy.0 = Debug|Any CPU
		{B6208B24-3916-4577-BCF3-F1451283966B}.Release|Any CPU.ActiveCfg = Release|Any CPU
		{B6208B24-3916-4577-BCF3-F1451283966B}.Release|Any CPU.Build.0 = Release|Any CPU
		{B6208B24-3916-4577-BCF3-F1451283966B}.Release|Any CPU.Deploy.0 = Release|Any CPU
	EndGlobalSection
	GlobalSection(SolutionProperties) = preSolution
		HideSolutionNode = FALSE
	EndGlobalSection
EndGlobal
