
Microsoft Visual Studio Solution File, Format Version 12.00
# Visual Studio Express 2012 for Windows Phone
Project("{FAE04EC0-301F-11D3-BF4B-00C04F79EFBC}") = "Ejemplo Tiles", "Ejemplo Tiles\Ejemplo Tiles.csproj", "{EA37C2CE-DE36-4C5C-B451-D23E8DEA1281}"
EndProject
Global
	GlobalSection(SolutionConfigurationPlatforms) = preSolution
		Debug|Any CPU = Debug|Any CPU
		Debug|ARM = Debug|ARM
		Debug|x86 = Debug|x86
		Release|Any CPU = Release|Any CPU
		Release|ARM = Release|ARM
		Release|x86 = Release|x86
	EndGlobalSection
	GlobalSection(ProjectConfigurationPlatforms) = postSolution
		{EA37C2CE-DE36-4C5C-B451-D23E8DEA1281}.Debug|Any CPU.ActiveCfg = Debug|Any CPU
		{EA37C2CE-DE36-4C5C-B451-D23E8DEA1281}.Debug|Any CPU.Build.0 = Debug|Any CPU
		{EA37C2CE-DE36-4C5C-B451-D23E8DEA1281}.Debug|Any CPU.Deploy.0 = Debug|Any CPU
		{EA37C2CE-DE36-4C5C-B451-D23E8DEA1281}.Debug|ARM.ActiveCfg = Debug|ARM
		{EA37C2CE-DE36-4C5C-B451-D23E8DEA1281}.Debug|ARM.Build.0 = Debug|ARM
		{EA37C2CE-DE36-4C5C-B451-D23E8DEA1281}.Debug|ARM.Deploy.0 = Debug|ARM
		{EA37C2CE-DE36-4C5C-B451-D23E8DEA1281}.Debug|x86.ActiveCfg = Debug|x86
		{EA37C2CE-DE36-4C5C-B451-D23E8DEA1281}.Debug|x86.Build.0 = Debug|x86
		{EA37C2CE-DE36-4C5C-B451-D23E8DEA1281}.Debug|x86.Deploy.0 = Debug|x86
		{EA37C2CE-DE36-4C5C-B451-D23E8DEA1281}.Release|Any CPU.ActiveCfg = Release|Any CPU
		{EA37C2CE-DE36-4C5C-B451-D23E8DEA1281}.Release|Any CPU.Build.0 = Release|Any CPU
		{EA37C2CE-DE36-4C5C-B451-D23E8DEA1281}.Release|Any CPU.Deploy.0 = Release|Any CPU
		{EA37C2CE-DE36-4C5C-B451-D23E8DEA1281}.Release|ARM.ActiveCfg = Release|ARM
		{EA37C2CE-DE36-4C5C-B451-D23E8DEA1281}.Release|ARM.Build.0 = Release|ARM
		{EA37C2CE-DE36-4C5C-B451-D23E8DEA1281}.Release|ARM.Deploy.0 = Release|ARM
		{EA37C2CE-DE36-4C5C-B451-D23E8DEA1281}.Release|x86.ActiveCfg = Release|x86
		{EA37C2CE-DE36-4C5C-B451-D23E8DEA1281}.Release|x86.Build.0 = Release|x86
		{EA37C2CE-DE36-4C5C-B451-D23E8DEA1281}.Release|x86.Deploy.0 = Release|x86
	EndGlobalSection
	GlobalSection(SolutionProperties) = preSolution
		HideSolutionNode = FALSE
	EndGlobalSection
EndGlobal
